// !$*UTF8*$!
{
	archiveVersion = 1;
	classes = {
	};
	objectVersion = 46;
	objects = {

/* Begin PBXBuildFile section */
		E8660C141C4E4536009911F2 /* main.c in Sources */ = {isa = PBXBuildFile; fileRef = E8660C131C4E4536009911F2 /* main.c */; };
		E8660C1C1C4E4554009911F2 /* example_01.c in Sources */ = {isa = PBXBuildFile; fileRef = E8660C1A1C4E4554009911F2 /* example_01.c */; };
		E8660C1F1C4E768C009911F2 /* example_03.c in Sources */ = {isa = PBXBuildFile; fileRef = E8660C1D1C4E768C009911F2 /* example_03.c */; };
/* End PBXBuildFile section */

/* Begin PBXCopyFilesBuildPhase section */
		E8660C0E1C4E4536009911F2 /* CopyFiles */ = {
			isa = PBXCopyFilesBuildPhase;
			buildActionMask = 2147483647;
			dstPath = /usr/share/man/man1/;
			dstSubfolderSpec = 0;
			files = (
			);
			runOnlyForDeploymentPostprocessing = 1;
		};
/* End PBXCopyFilesBuildPhase section */

/* Begin PBXFileReference section */
		E8660C101C4E4536009911F2 /* code_01 */ = {isa = PBXFileReference; explicitFileType = "compiled.mach-o.executable"; includeInIndex = 0; path = code_01; sourceTree = BUILT_PRODUCTS_DIR; };
		E8660C131C4E4536009911F2 /* main.c */ = {isa = PBXFileReference; lastKnownFileType = sourcecode.c.c; path = main.c; sourceTree = "<group>"; };
		E8660C1A1C4E4554009911F2 /* example_01.c */ = {isa = PBXFileReference; fileEncoding = 4; lastKnownFileType = sourcecode.c.c; path = example_01.c; sourceTree = "<group>"; };
		E8660C1B1C4E4554009911F2 /* example_01.h */ = {isa = PBXFileReference; fileEncoding = 4; lastKnownFileType = sourcecode.c.h; path = example_01.h; sourceTree = "<group>"; };
		E8660C1D1C4E768C009911F2 /* example_03.c */ = {isa = PBXFileReference; fileEncoding = 4; lastKnownFileType = sourcecode.c.c; path = example_03.c; sourceTree = "<group>"; };
		E8660C1E1C4E768C009911F2 /* example_03.h */ = {isa = PBXFileReference; fileEncoding = 4; lastKnownFileType = sourcecode.c.h; path = example_03.h; sourceTree = "<group>"; };
/* End PBXFileReference section */

/* Begin PBXFrameworksBuildPhase section */
		E8660C0D1C4E4536009911F2 /* Frameworks */ = {
			isa = PBXFrameworksBuildPhase;
			buildActionMask = 2147483647;
			files = (
			);
			runOnlyForDeploymentPostprocessing = 0;
		};
/* End PBXFrameworksBuildPhase section */

/* Begin PBXGroup section */
		E8660C071C4E4536009911F2 = {
			isa = PBXGroup;
			children = (
				E8660C121C4E4536009911F2 /* code_01 */,
				E8660C111C4E4536009911F2 /* Products */,
			);
			sourceTree = "<group>";
		};
		E8660C111C4E4536009911F2 /* Products */ = {
			isa = PBXGroup;
			children = (
				E8660C101C4E4536009911F2 /* code_01 */,
			);
			name = Products;
			sourceTree = "<group>";
		};
		E8660C121C4E4536009911F2 /* code_01 */ = {
			isa = PBXGroup;
			children = (
				E8660C131C4E4536009911F2 /* main.c */,
				E8660C1B1C4E4554009911F2 /* example_01.h */,
				E8660C1A1C4E4554009911F2 /* example_01.c */,
				E8660C1E1C4E768C009911F2 /* example_03.h */,
				E8660C1D1C4E768C009911F2 /* example_03.c */,
			);
			path = code_01;
			sourceTree = "<group>";
		};
/* End PBXGroup section */

/* Begin PBXNativeTarget section */
		E8660C0F1C4E4536009911F2 /* code_01 */ = {
			isa = PBXNativeTarget;
			buildConfigurationList = E8660C171C4E4536009911F2 /* Build configuration list for PBXNativeTarget "code_01" */;
			buildPhases = (
				E8660C0C1C4E4536009911F2 /* Sources */,
				E8660C0D1C4E4536009911F2 /* Frameworks */,
				E8660C0E1C4E4536009911F2 /* CopyFiles */,
			);
			buildRules = (
			);
			dependencies = (
			);
			name = code_01;
			productName = code_01;
			productReference = E8660C101C4E4536009911F2 /* code_01 */;
			productType = "com.apple.product-type.tool";
		};
/* End PBXNativeTarget section */

/* Begin PBXProject section */
		E8660C081C4E4536009911F2 /* Project object */ = {
			isa = PBXProject;
			attributes = {
				LastUpgradeCheck = 0720;
				ORGANIZATIONNAME = "伟明 毕";
				TargetAttributes = {
					E8660C0F1C4E4536009911F2 = {
						CreatedOnToolsVersion = 7.2;
					};
				};
			};
			buildConfigurationList = E8660C0B1C4E4536009911F2 /* Build configuration list for PBXProject "code_01" */;
			compatibilityVersion = "Xcode 3.2";
			developmentRegion = English;
			hasScannedForEncodings = 0;
			knownRegions = (
				en,
			);
			mainGroup = E8660C071C4E4536009911F2;
			productRefGroup = E8660C111C4E4536009911F2 /* Products */;
			projectDirPath = "";
			projectRoot = "";
			targets = (
				E8660C0F1C4E4536009911F2 /* code_01 */,
			);
		};
/* End PBXProject section */

/* Begin PBXSourcesBuildPhase section */
		E8660C0C1C4E4536009911F2 /* Sources */ = {
			isa = PBXSourcesBuildPhase;
			buildActionMask = 2147483647;
			files = (
				E8660C141C4E4536009911F2 /* main.c in Sources */,
				E8660C1C1C4E4554009911F2 /* example_01.c in Sources */,
				E8660C1F1C4E768C009911F2 /* example_03.c in Sources */,
			);
			runOnlyForDeploymentPostprocessing = 0;
		};
/* End PBXSourcesBuildPhase section */

/* Begin XCBuildConfiguration section */
		E8660C151C4E4536009911F2 /* Debug */ = {
			isa = XCBuildConfiguration;
			buildSettings = {
				ALWAYS_SEARCH_USER_PATHS = NO;
				CLANG_CXX_LANGUAGE_STANDARD = "gnu++0x";
				CLANG_CXX_LIBRARY = "libc++";
				CLANG_ENABLE_MODULES = YES;
				CLANG_ENABLE_OBJC_ARC = YES;
				CLANG_WARN_BOOL_CONVERSION = YES;
				CLANG_WARN_CONSTANT_CONVERSION = YES;
				CLANG_WARN_DIRECT_OBJC_ISA_USAGE = YES_ERROR;
				CLANG_WARN_EMPTY_BODY = YES;
				CLANG_WARN_ENUM_CONVERSION = YES;
				CLANG_WARN_INT_CONVERSION = YES;
				CLANG_WARN_OBJC_ROOT_CLASS = YES_ERROR;
				CLANG_WARN_UNREACHABLE_CODE = YES;
				CLANG_WARN__DUPLICATE_METHOD_MATCH = YES;
				CODE_SIGN_IDENTITY = "-";
				COPY_PHASE_STRIP = NO;
				DEBUG_INFORMATION_FORMAT = dwarf;
				ENABLE_STRICT_OBJC_MSGSEND = YES;
				ENABLE_TESTABILITY = YES;
				GCC_C_LANGUAGE_STANDARD = gnu99;
				GCC_DYNAMIC_NO_PIC = NO;
				GCC_NO_COMMON_BLOCKS = YES;
				GCC_OPTIMIZATION_LEVEL = 0;
				GCC_PREPROCESSOR_DEFINITIONS = (
					"DEBUG=1",
					"$(inherited)",
				);
				GCC_WARN_64_TO_32_BIT_CONVERSION = YES;
				GCC_WARN_ABOUT_RETURN_TYPE = YES_ERROR;
				GCC_WARN_UNDECLARED_SELECTOR = YES;
				GCC_WARN_UNINITIALIZED_AUTOS = YES_AGGRESSIVE;
				GCC_WARN_UNUSED_FUNCTION = YES;
				GCC_WARN_UNUSED_VARIABLE = YES;
				MACOSX_DEPLOYMENT_TARGET = 10.11;
				MTL_ENABLE_DEBUG_INFO = YES;
				ONLY_ACTIVE_ARCH = YES;
				SDKROOT = macosx;
			};
			name = Debug;
		};
		E8660C161C4E4536009911F2 /* Release */ = {
			isa = XCBuildConfiguration;
			buildSettings = {
				ALWAYS_SEARCH_USER_PATHS = NO;
				CLANG_CXX_LANGUAGE_STANDARD = "gnu++0x";
				CLANG_CXX_LIBRARY = "libc++";
				CLANG_ENABLE_MODULES = YES;
				CLANG_ENABLE_OBJC_ARC = YES;
				CLANG_WARN_BOOL_CONVERSION = YES;
				CLANG_WARN_CONSTANT_CONVERSION = YES;
				CLANG_WARN_DIRECT_OBJC_ISA_USAGE = YES_ERROR;
				CLANG_WARN_EMPTY_BODY = YES;
				CLANG_WARN_ENUM_CONVERSION = YES;
				CLANG_WARN_INT_CONVERSION = YES;
				CLANG_WARN_OBJC_ROOT_CLASS = YES_ERROR;
				CLANG_WARN_UNREACHABLE_CODE = YES;
				CLANG_WARN__DUPLICATE_METHOD_MATCH = YES;
				CODE_SIGN_IDENTITY = "-";
				COPY_PHASE_STRIP = NO;
				DEBUG_INFORMATION_FORMAT = "dwarf-with-dsym";
				ENABLE_NS_ASSERTIONS = NO;
				ENABLE_STRICT_OBJC_MSGSEND = YES;
				GCC_C_LANGUAGE_STANDARD = gnu99;
				GCC_NO_COMMON_BLOCKS = YES;
				GCC_WARN_64_TO_32_BIT_CONVERSION = YES;
				GCC_WARN_ABOUT_RETURN_TYPE = YES_ERROR;
				GCC_WARN_UNDECLARED_SELECTOR = YES;
				GCC_WARN_UNINITIALIZED_AUTOS = YES_AGGRESSIVE;
				GCC_WARN_UNUSED_FUNCTION = YES;
				GCC_WARN_UNUSED_VARIABLE = YES;
				MACOSX_DEPLOYMENT_TARGET = 10.11;
				MTL_ENABLE_DEBUG_INFO = NO;
				SDKROOT = macosx;
			};
			name = Release;
		};
		E8660C181C4E4536009911F2 /* Debug */ = {
			isa = XCBuildConfiguration;
			buildSettings = {
				PRODUCT_NAME = "$(TARGET_NAME)";
			};
			name = Debug;
		};
		E8660C191C4E4536009911F2 /* Release */ = {
			isa = XCBuildConfiguration;
			buildSettings = {
				PRODUCT_NAME = "$(TARGET_NAME)";
			};
			name = Release;
		};
/* End XCBuildConfiguration section */

/* Begin XCConfigurationList section */
		E8660C0B1C4E4536009911F2 /* Build configuration list for PBXProject "code_01" */ = {
			isa = XCConfigurationList;
			buildConfigurations = (
				E8660C151C4E4536009911F2 /* Debug */,
				E8660C161C4E4536009911F2 /* Release */,
			);
			defaultConfigurationIsVisible = 0;
			defaultConfigurationName = Release;
		};
		E8660C171C4E4536009911F2 /* Build configuration list for PBXNativeTarget "code_01" */ = {
			isa = XCConfigurationList;
			buildConfigurations = (
				E8660C181C4E4536009911F2 /* Debug */,
				E8660C191C4E4536009911F2 /* Release */,
			);
			defaultConfigurationIsVisible = 0;
		};
/* End XCConfigurationList section */
	};
	rootObject = E8660C081C4E4536009911F2 /* Project object */;
}
